
Microsoft Visual Studio Solution File, Format Version 12.00
# Visual Studio Version 16
VisualStudioVersion = 16.0.30204.135
MinimumVisualStudioVersion = 10.0.40219.1
Project("{FAE04EC0-301F-11D3-BF4B-00C04F79EFBC}") = "CV19Wpf", "CV19Wpf\CV19Wpf.csproj", "{E4210467-5C3F-4672-91AA-BBF1490643F8}"
EndProject
Project("{FAE04EC0-301F-11D3-BF4B-00C04F79EFBC}") = "CommonLibrary", "CommonLibrary\CommonLibrary.csproj", "{42D52414-6B70-45C8-97FF-4BF5F9FFE4B5}"
EndProject
Project("{FAE04EC0-301F-11D3-BF4B-00C04F79EFBC}") = "CV19WpfTest", "CV19WpfTest\CV19WpfTest.csproj", "{1AA68A94-E629-489D-B114-774C4C2EEC7D}"
EndProject
Project("{FAE04EC0-301F-11D3-BF4B-00C04F79EFBC}") = "ConsoleTest", "ConsoleTest\ConsoleTest.csproj", "{AC302CEB-B26E-4B9A-8DEE-B95E2DE60D5F}"
EndProject
Global
	GlobalSection(SolutionConfigurationPlatforms) = preSolution
		Debug|Any CPU = Debug|Any CPU
		Release|Any CPU = Release|Any CPU
	EndGlobalSection
	GlobalSection(ProjectConfigurationPlatforms) = postSolution
		{E4210467-5C3F-4672-91AA-BBF1490643F8}.Debug|Any CPU.ActiveCfg = Debug|Any CPU
		{E4210467-5C3F-4672-91AA-BBF1490643F8}.Debug|Any CPU.Build.0 = Debug|Any CPU
		{E4210467-5C3F-4672-91AA-BBF1490643F8}.Release|Any CPU.ActiveCfg = Release|Any CPU
		{E4210467-5C3F-4672-91AA-BBF1490643F8}.Release|Any CPU.Build.0 = Release|Any CPU
		{42D52414-6B70-45C8-97FF-4BF5F9FFE4B5}.Debug|Any CPU.ActiveCfg = Debug|Any CPU
		{42D52414-6B70-45C8-97FF-4BF5F9FFE4B5}.Debug|Any CPU.Build.0 = Debug|Any CPU
		{42D52414-6B70-45C8-97FF-4BF5F9FFE4B5}.Release|Any CPU.ActiveCfg = Release|Any CPU
		{42D52414-6B70-45C8-97FF-4BF5F9FFE4B5}.Release|Any CPU.Build.0 = Release|Any CPU
		{1AA68A94-E629-489D-B114-774C4C2EEC7D}.Debug|Any CPU.ActiveCfg = Debug|Any CPU
		{1AA68A94-E629-489D-B114-774C4C2EEC7D}.Debug|Any CPU.Build.0 = Debug|Any CPU
		{1AA68A94-E629-489D-B114-774C4C2EEC7D}.Release|Any CPU.ActiveCfg = Release|Any CPU
		{1AA68A94-E629-489D-B114-774C4C2EEC7D}.Release|Any CPU.Build.0 = Release|Any CPU
		{AC302CEB-B26E-4B9A-8DEE-B95E2DE60D5F}.Debug|Any CPU.ActiveCfg = Debug|Any CPU
		{AC302CEB-B26E-4B9A-8DEE-B95E2DE60D5F}.Debug|Any CPU.Build.0 = Debug|Any CPU
		{AC302CEB-B26E-4B9A-8DEE-B95E2DE60D5F}.Release|Any CPU.ActiveCfg = Release|Any CPU
		{AC302CEB-B26E-4B9A-8DEE-B95E2DE60D5F}.Release|Any CPU.Build.0 = Release|Any CPU
	EndGlobalSection
	GlobalSection(SolutionProperties) = preSolution
		HideSolutionNode = FALSE
	EndGlobalSection
	GlobalSection(ExtensibilityGlobals) = postSolution
		SolutionGuid = {7C289DB1-B94D-464F-B34B-FE042F8E941D}
	EndGlobalSection
EndGlobal
